
Microsoft Visual Studio Solution File, Format Version 12.00
# Visual Studio 15
VisualStudioVersion = 15.0.27703.2035
MinimumVisualStudioVersion = 10.0.40219.1
Project("{FAE04EC0-301F-11D3-BF4B-00C04F79EFBC}") = "Hotel_reservas", "Hotel_reservas\Hotel_reservas.csproj", "{73DD1FEF-B8BA-414F-A30E-012EC96430C0}"
EndProject
Global
	GlobalSection(SolutionConfigurationPlatforms) = preSolution
		Debug|Any CPU = Debug|Any CPU
		Release|Any CPU = Release|Any CPU
	EndGlobalSection
	GlobalSection(ProjectConfigurationPlatforms) = postSolution
		{73DD1FEF-B8BA-414F-A30E-012EC96430C0}.Debug|Any CPU.ActiveCfg = Debug|Any CPU
		{73DD1FEF-B8BA-414F-A30E-012EC96430C0}.Debug|Any CPU.Build.0 = Debug|Any CPU
		{73DD1FEF-B8BA-414F-A30E-012EC96430C0}.Release|Any CPU.ActiveCfg = Release|Any CPU
		{73DD1FEF-B8BA-414F-A30E-012EC96430C0}.Release|Any CPU.Build.0 = Release|Any CPU
	EndGlobalSection
	GlobalSection(SolutionProperties) = preSolution
		HideSolutionNode = FALSE
	EndGlobalSection
	GlobalSection(ExtensibilityGlobals) = postSolution
		SolutionGuid = {D34B96B2-1494-4A92-BFD1-0FEE05397B57}
	EndGlobalSection
EndGlobal
